{
  "version": 4,
  "terraform_version": "1.2.4",
  "serial": 16,
  "lineage": "10fa5b57-af66-969a-63f0-50041d3cd45b",
  "outputs": {},
  "resources": [
    {
      "mode": "managed",
      "type": "azurerm_app_service",
      "name": "ngr",
      "provider": "provider[\"registry.terraform.io/hashicorp/azurerm\"]",
      "instances": [
        {
          "schema_version": 0,
          "attributes": {
            "app_service_plan_id": "/subscriptions/56327ea7-f66b-4ff8-9db7-4fad269d3ce3/resourceGroups/ng-app/providers/Microsoft.Web/serverfarms/ngr-appserviceplan",
            "app_settings": {
              "SOME_KEY": "some-value"
            },
            "auth_settings": [
              {
                "active_directory": [],
                "additional_login_params": {},
                "allowed_external_redirect_urls": [],
                "default_provider": "",
                "enabled": false,
                "facebook": [],
                "google": [],
                "issuer": "",
                "microsoft": [],
                "runtime_version": "",
                "token_refresh_extension_hours": 0,
                "token_store_enabled": false,
                "twitter": [],
                "unauthenticated_client_action": ""
              }
            ],
            "backup": [],
            "client_affinity_enabled": false,
            "client_cert_enabled": false,
            "client_cert_mode": "Required",
            "connection_string": [
              {
                "name": "Databasengr",
                "type": "SQLServer",
                "value": "Server=some-server.mydomain.com;Integrated Security=SSPI"
              }
            ],
            "custom_domain_verification_id": "31148357F4FD586561759D6518DE9C2F3A68665EE2B8256728588356B6E8D759",
            "default_site_hostname": "ngr-app-service.azurewebsites.net",
            "enabled": true,
            "https_only": false,
            "id": "/subscriptions/56327ea7-f66b-4ff8-9db7-4fad269d3ce3/resourceGroups/ng-app/providers/Microsoft.Web/sites/ngr-app-service",
            "identity": [],
            "key_vault_reference_identity_id": "SystemAssigned",
            "location": "australiaeast",
            "logs": [
              {
                "application_logs": [
                  {
                    "azure_blob_storage": [],
                    "file_system_level": "Off"
                  }
                ],
                "detailed_error_messages_enabled": false,
                "failed_request_tracing_enabled": false,
                "http_logs": [
                  {
                    "azure_blob_storage": [],
                    "file_system": []
                  }
                ]
              }
            ],
            "name": "ngr-app-service",
            "outbound_ip_address_list": [
              "20.53.141.33",
              "20.53.141.66",
              "20.53.138.208",
              "20.193.19.225",
              "20.53.141.116",
              "20.53.141.183",
              "20.37.196.203"
            ],
            "outbound_ip_addresses": "20.53.141.33,20.53.141.66,20.53.138.208,20.193.19.225,20.53.141.116,20.53.141.183,20.37.196.203",
            "possible_outbound_ip_address_list": [
              "20.53.141.33",
              "20.53.141.66",
              "20.53.138.208",
              "20.193.19.225",
              "20.53.141.116",
              "20.53.141.183",
              "20.53.141.218",
              "20.53.142.29",
              "20.53.92.174",
              "20.53.138.140",
              "20.53.142.218",
              "20.53.143.13",
              "20.53.143.132",
              "20.53.138.207",
              "20.53.109.16",
              "20.53.143.215",
              "20.53.160.74",
              "20.53.160.79",
              "20.53.160.93",
              "20.53.140.103",
              "20.92.131.143",
              "20.193.37.1",
              "20.193.57.79",
              "20.193.60.77",
              "20.193.61.167",
              "20.193.62.122",
              "20.193.62.127",
              "20.193.63.221",
              "20.53.113.254",
              "20.53.116.192",
              "20.37.196.203"
            ],
            "possible_outbound_ip_addresses": "20.53.141.33,20.53.141.66,20.53.138.208,20.193.19.225,20.53.141.116,20.53.141.183,20.53.141.218,20.53.142.29,20.53.92.174,20.53.138.140,20.53.142.218,20.53.143.13,20.53.143.132,20.53.138.207,20.53.109.16,20.53.143.215,20.53.160.74,20.53.160.79,20.53.160.93,20.53.140.103,20.92.131.143,20.193.37.1,20.193.57.79,20.193.60.77,20.193.61.167,20.193.62.122,20.193.62.127,20.193.63.221,20.53.113.254,20.53.116.192,20.37.196.203",
            "resource_group_name": "ng-app",
            "site_config": [
              {
                "acr_use_managed_identity_credentials": false,
                "acr_user_managed_identity_client_id": "",
                "always_on": false,
                "app_command_line": "",
                "auto_swap_slot_name": "",
                "cors": [
                  {
                    "allowed_origins": [],
                    "support_credentials": false
                  }
                ],
                "default_documents": null,
                "dotnet_framework_version": "v4.0",
                "ftps_state": "AllAllowed",
                "health_check_path": "",
                "http2_enabled": false,
                "ip_restriction": [],
                "java_container": "",
                "java_container_version": "",
                "java_version": "",
                "linux_fx_version": "",
                "local_mysql_enabled": false,
                "managed_pipeline_mode": "Integrated",
                "min_tls_version": "1.2",
                "number_of_workers": 1,
                "php_version": "",
                "python_version": "",
                "remote_debugging_enabled": false,
                "remote_debugging_version": "VS2019",
                "scm_ip_restriction": [],
                "scm_type": "LocalGit",
                "scm_use_main_ip_restriction": false,
                "use_32_bit_worker_process": false,
                "vnet_route_all_enabled": false,
                "websockets_enabled": false,
                "windows_fx_version": ""
              }
            ],
            "site_credential": [
              {
                "password": "my0GmZgtdNijcMYfmmd4qec36ngPPN9yMhBuGBPT0Z9BPj1kmb2gcT51hBvE",
                "username": "$ngr-app-service"
              }
            ],
            "source_control": [
              {
                "branch": "main",
                "manual_integration": false,
                "repo_url": "https://ngr-app-service.scm.azurewebsites.net",
                "rollback_enabled": false,
                "use_mercurial": false
              }
            ],
            "storage_account": [],
            "tags": null,
            "timeouts": null
          },
          "sensitive_attributes": [],
          "private": "eyJlMmJmYjczMC1lY2FhLTExZTYtOGY4OC0zNDM2M2JjN2M0YzAiOnsiY3JlYXRlIjoxODAwMDAwMDAwMDAwLCJkZWxldGUiOjE4MDAwMDAwMDAwMDAsInJlYWQiOjMwMDAwMDAwMDAwMCwidXBkYXRlIjoxODAwMDAwMDAwMDAwfX0=",
          "dependencies": [
            "azurerm_app_service_plan.ngr",
            "azurerm_resource_group.ng"
          ]
        }
      ]
    },
    {
      "mode": "managed",
      "type": "azurerm_app_service_plan",
      "name": "ngr",
      "provider": "provider[\"registry.terraform.io/hashicorp/azurerm\"]",
      "instances": [
        {
          "schema_version": 0,
          "attributes": {
            "app_service_environment_id": "",
            "id": "/subscriptions/56327ea7-f66b-4ff8-9db7-4fad269d3ce3/resourceGroups/ng-app/providers/Microsoft.Web/serverfarms/ngr-appserviceplan",
            "is_xenon": false,
            "kind": "Windows",
            "location": "australiaeast",
            "maximum_elastic_worker_count": 1,
            "maximum_number_of_workers": 10,
            "name": "ngr-appserviceplan",
            "per_site_scaling": false,
            "reserved": false,
            "resource_group_name": "ng-app",
            "sku": [
              {
                "capacity": 1,
                "size": "S1",
                "tier": "Standard"
              }
            ],
            "tags": null,
            "timeouts": null,
            "zone_redundant": false
          },
          "sensitive_attributes": [],
          "private": "eyJlMmJmYjczMC1lY2FhLTExZTYtOGY4OC0zNDM2M2JjN2M0YzAiOnsiY3JlYXRlIjozNjAwMDAwMDAwMDAwLCJkZWxldGUiOjM2MDAwMDAwMDAwMDAsInJlYWQiOjMwMDAwMDAwMDAwMCwidXBkYXRlIjozNjAwMDAwMDAwMDAwfX0=",
          "dependencies": [
            "azurerm_resource_group.ng"
          ]
        }
      ]
    },
    {
      "mode": "managed",
      "type": "azurerm_resource_group",
      "name": "ng",
      "provider": "provider[\"registry.terraform.io/hashicorp/azurerm\"]",
      "instances": [
        {
          "schema_version": 0,
          "attributes": {
            "id": "/subscriptions/56327ea7-f66b-4ff8-9db7-4fad269d3ce3/resourceGroups/ng-app",
            "location": "australiaeast",
            "name": "ng-app",
            "tags": null,
            "timeouts": null
          },
          "sensitive_attributes": [],
          "private": "eyJlMmJmYjczMC1lY2FhLTExZTYtOGY4OC0zNDM2M2JjN2M0YzAiOnsiY3JlYXRlIjo1NDAwMDAwMDAwMDAwLCJkZWxldGUiOjU0MDAwMDAwMDAwMDAsInJlYWQiOjMwMDAwMDAwMDAwMCwidXBkYXRlIjo1NDAwMDAwMDAwMDAwfX0="
        }
      ]
    }
  ]
}
