{
  "version": 4,
  "terraform_version": "1.2.4",
  "serial": 3,
  "lineage": "25c2bc8b-f829-53a4-0bb7-e34f0877cd8e",
  "outputs": {},
  "resources": [
    {
      "mode": "managed",
      "type": "azurerm_dev_test_lab",
      "name": "example",
      "provider": "provider[\"registry.terraform.io/hashicorp/azurerm\"]",
      "instances": [
        {
          "schema_version": 1,
          "attributes": {
            "artifacts_storage_account_id": "/subscriptions/56327ea7-f66b-4ff8-9db7-4fad269d3ce3/resourcegroups/ng-lab/providers/microsoft.storage/storageaccounts/angrdevtestlab5872",
            "default_premium_storage_account_id": "/subscriptions/56327ea7-f66b-4ff8-9db7-4fad269d3ce3/resourcegroups/ng-lab/providers/microsoft.storage/storageaccounts/angrdevtestlab5872",
            "default_storage_account_id": "/subscriptions/56327ea7-f66b-4ff8-9db7-4fad269d3ce3/resourcegroups/ng-lab/providers/microsoft.storage/storageaccounts/angrdevtestlab5872",
            "id": "/subscriptions/56327ea7-f66b-4ff8-9db7-4fad269d3ce3/resourceGroups/ng-lab/providers/Microsoft.DevTestLab/labs/ngr-devtestlab",
            "key_vault_id": "/subscriptions/56327ea7-f66b-4ff8-9db7-4fad269d3ce3/resourceGroups/ng-lab/providers/Microsoft.KeyVault/vaults/ngrdevtestlab8314",
            "location": "westeurope",
            "name": "ngr-devtestlab",
            "premium_data_disk_storage_account_id": "/subscriptions/56327ea7-f66b-4ff8-9db7-4fad269d3ce3/resourcegroups/ng-lab/providers/microsoft.storage/storageaccounts/angrdevtestlab5872",
            "resource_group_name": "ng-lab",
            "storage_type": "Premium",
            "tags": {
              "Sydney": "Australia"
            },
            "timeouts": null,
            "unique_identifier": "31f846a2-fa6e-4f82-a2a0-9eb71b3a3fd8"
          },
          "sensitive_attributes": [],
          "private": "eyJlMmJmYjczMC1lY2FhLTExZTYtOGY4OC0zNDM2M2JjN2M0YzAiOnsiY3JlYXRlIjoxODAwMDAwMDAwMDAwLCJkZWxldGUiOjE4MDAwMDAwMDAwMDAsInJlYWQiOjMwMDAwMDAwMDAwMCwidXBkYXRlIjoxODAwMDAwMDAwMDAwfSwic2NoZW1hX3ZlcnNpb24iOiIxIn0=",
          "dependencies": [
            "azurerm_resource_group.ng"
          ]
        }
      ]
    },
    {
      "mode": "managed",
      "type": "azurerm_resource_group",
      "name": "ng",
      "provider": "provider[\"registry.terraform.io/hashicorp/azurerm\"]",
      "instances": [
        {
          "schema_version": 0,
          "attributes": {
            "id": "/subscriptions/56327ea7-f66b-4ff8-9db7-4fad269d3ce3/resourceGroups/ng-lab",
            "location": "westeurope",
            "name": "ng-lab",
            "tags": null,
            "timeouts": null
          },
          "sensitive_attributes": [],
          "private": "eyJlMmJmYjczMC1lY2FhLTExZTYtOGY4OC0zNDM2M2JjN2M0YzAiOnsiY3JlYXRlIjo1NDAwMDAwMDAwMDAwLCJkZWxldGUiOjU0MDAwMDAwMDAwMDAsInJlYWQiOjMwMDAwMDAwMDAwMCwidXBkYXRlIjo1NDAwMDAwMDAwMDAwfX0="
        }
      ]
    }
  ]
}
