{
  "version": 4,
  "terraform_version": "1.2.4",
  "serial": 6,
  "lineage": "ae7b2acb-3978-963a-f182-d2f92fbfd408",
  "outputs": {},
  "resources": [
    {
      "mode": "managed",
      "type": "azurerm_cosmosdb_account",
      "name": "db",
      "provider": "provider[\"registry.terraform.io/hashicorp/azurerm\"]",
      "instances": [
        {
          "schema_version": 0,
          "attributes": {
            "access_key_metadata_writes_enabled": true,
            "analytical_storage": [
              {
                "schema_type": "FullFidelity"
              }
            ],
            "analytical_storage_enabled": false,
            "backup": [
              {
                "interval_in_minutes": 240,
                "retention_in_hours": 8,
                "storage_redundancy": "Geo",
                "type": "Periodic"
              }
            ],
            "capabilities": [
              {
                "name": "EnableAggregationPipeline"
              },
              {
                "name": "EnableMongo"
              },
              {
                "name": "MongoDBv3.4"
              },
              {
                "name": "mongoEnableDocLevelTTL"
              }
            ],
            "capacity": [],
            "connection_strings": [
              "mongodb://tfex-cosmos-db-71149:6RZHKpqwO0wbsmh0Xk9jSc7b5S8SHlPhjE1PMv68e4BSlmoeziN4iARXyyJOyxz5p4hOmGvQqMCxmXJw1oD34g==@tfex-cosmos-db-71149.mongo.cosmos.azure.com:10255/?ssl=true\u0026replicaSet=globaldb\u0026retrywrites=false\u0026maxIdleTimeMS=120000\u0026appName=@tfex-cosmos-db-71149@",
              "mongodb://tfex-cosmos-db-71149:1yeVEThUDLHkwfq6Rfw2ed4mnDXyXdcAjIuGLoBquriueCEShjFYooPUNk4Gi9GfPcH3dhV4zDhyidtHcC0blg==@tfex-cosmos-db-71149.mongo.cosmos.azure.com:10255/?ssl=true\u0026replicaSet=globaldb\u0026retrywrites=false\u0026maxIdleTimeMS=120000\u0026appName=@tfex-cosmos-db-71149@",
              "mongodb://tfex-cosmos-db-71149:mrkpWhwe06sOVJWKJtAI62CbpuQ3kB6QrlnilnjMjmhc3OloIJydRTCOyjK6THMIYOpnOq6zuyZ2eNnvrK8SjQ==@tfex-cosmos-db-71149.mongo.cosmos.azure.com:10255/?ssl=true\u0026replicaSet=globaldb\u0026retrywrites=false\u0026maxIdleTimeMS=120000\u0026appName=@tfex-cosmos-db-71149@",
              "mongodb://tfex-cosmos-db-71149:FsL1rq6OmufFmvKea1SVodsuFOuLA691jWKdjrj7k9Izm8dId4RLXqO8V4iK9xZOJMCgFK21OLM6oruAIPfFmg==@tfex-cosmos-db-71149.mongo.cosmos.azure.com:10255/?ssl=true\u0026replicaSet=globaldb\u0026retrywrites=false\u0026maxIdleTimeMS=120000\u0026appName=@tfex-cosmos-db-71149@"
            ],
            "consistency_policy": [
              {
                "consistency_level": "BoundedStaleness",
                "max_interval_in_seconds": 300,
                "max_staleness_prefix": 100000
              }
            ],
            "cors_rule": [],
            "create_mode": "",
            "default_identity_type": "FirstPartyIdentity",
            "enable_automatic_failover": true,
            "enable_free_tier": false,
            "enable_multiple_write_locations": false,
            "endpoint": "https://tfex-cosmos-db-71149.documents.azure.com:443/",
            "geo_location": [
              {
                "failover_priority": 0,
                "id": "tfex-cosmos-db-71149-eastus",
                "location": "eastus",
                "zone_redundant": false
              }
            ],
            "id": "/subscriptions/56327ea7-f66b-4ff8-9db7-4fad269d3ce3/resourceGroups/NG-resource-group/providers/Microsoft.DocumentDB/databaseAccounts/tfex-cosmos-db-71149",
            "identity": [],
            "ip_range_filter": "",
            "is_virtual_network_filter_enabled": false,
            "key_vault_key_id": null,
            "kind": "MongoDB",
            "local_authentication_disabled": false,
            "location": "westeurope",
            "mongo_server_version": "3.6",
            "name": "tfex-cosmos-db-71149",
            "network_acl_bypass_for_azure_services": false,
            "network_acl_bypass_ids": null,
            "offer_type": "Standard",
            "primary_key": "6RZHKpqwO0wbsmh0Xk9jSc7b5S8SHlPhjE1PMv68e4BSlmoeziN4iARXyyJOyxz5p4hOmGvQqMCxmXJw1oD34g==",
            "primary_readonly_key": "mrkpWhwe06sOVJWKJtAI62CbpuQ3kB6QrlnilnjMjmhc3OloIJydRTCOyjK6THMIYOpnOq6zuyZ2eNnvrK8SjQ==",
            "public_network_access_enabled": true,
            "read_endpoints": [
              "https://tfex-cosmos-db-71149-eastus.documents.azure.com:443/"
            ],
            "resource_group_name": "NG-resource-group",
            "restore": [],
            "secondary_key": "1yeVEThUDLHkwfq6Rfw2ed4mnDXyXdcAjIuGLoBquriueCEShjFYooPUNk4Gi9GfPcH3dhV4zDhyidtHcC0blg==",
            "secondary_readonly_key": "FsL1rq6OmufFmvKea1SVodsuFOuLA691jWKdjrj7k9Izm8dId4RLXqO8V4iK9xZOJMCgFK21OLM6oruAIPfFmg==",
            "tags": null,
            "timeouts": null,
            "virtual_network_rule": [],
            "write_endpoints": [
              "https://tfex-cosmos-db-71149-eastus.documents.azure.com:443/"
            ]
          },
          "sensitive_attributes": [],
          "private": "eyJlMmJmYjczMC1lY2FhLTExZTYtOGY4OC0zNDM2M2JjN2M0YzAiOnsiY3JlYXRlIjoxMDgwMDAwMDAwMDAwMCwiZGVsZXRlIjoxMDgwMDAwMDAwMDAwMCwicmVhZCI6MzAwMDAwMDAwMDAwLCJ1cGRhdGUiOjEwODAwMDAwMDAwMDAwfX0=",
          "dependencies": [
            "azurerm_resource_group.NG",
            "random_integer.ri"
          ]
        }
      ]
    },
    {
      "mode": "managed",
      "type": "azurerm_resource_group",
      "name": "NG",
      "provider": "provider[\"registry.terraform.io/hashicorp/azurerm\"]",
      "instances": [
        {
          "schema_version": 0,
          "attributes": {
            "id": "/subscriptions/56327ea7-f66b-4ff8-9db7-4fad269d3ce3/resourceGroups/NG-resource-group",
            "location": "westeurope",
            "name": "NG-resource-group",
            "tags": {},
            "timeouts": null
          },
          "sensitive_attributes": [],
          "private": "eyJlMmJmYjczMC1lY2FhLTExZTYtOGY4OC0zNDM2M2JjN2M0YzAiOnsiY3JlYXRlIjo1NDAwMDAwMDAwMDAwLCJkZWxldGUiOjU0MDAwMDAwMDAwMDAsInJlYWQiOjMwMDAwMDAwMDAwMCwidXBkYXRlIjo1NDAwMDAwMDAwMDAwfX0="
        }
      ]
    },
    {
      "mode": "managed",
      "type": "random_integer",
      "name": "ri",
      "provider": "provider[\"registry.terraform.io/hashicorp/random\"]",
      "instances": [
        {
          "schema_version": 0,
          "attributes": {
            "id": "71149",
            "keepers": null,
            "max": 99999,
            "min": 10000,
            "result": 71149,
            "seed": null
          },
          "sensitive_attributes": [],
          "private": "bnVsbA=="
        }
      ]
    }
  ]
}
