{
  "version": 4,
  "terraform_version": "1.2.4",
  "serial": 20,
  "lineage": "f25b6afc-7c54-377d-7646-079fdece46ec",
  "outputs": {},
  "resources": [
    {
      "mode": "managed",
      "type": "azurerm_resource_group",
      "name": "rg",
      "provider": "provider[\"registry.terraform.io/hashicorp/azurerm\"]",
      "instances": [
        {
          "schema_version": 0,
          "attributes": {
            "id": "/subscriptions/56327ea7-f66b-4ff8-9db7-4fad269d3ce3/resourceGroups/NGR",
            "location": "australiaeast",
            "name": "NGR",
            "tags": {},
            "timeouts": null
          },
          "sensitive_attributes": [],
          "private": "eyJlMmJmYjczMC1lY2FhLTExZTYtOGY4OC0zNDM2M2JjN2M0YzAiOnsiY3JlYXRlIjo1NDAwMDAwMDAwMDAwLCJkZWxldGUiOjU0MDAwMDAwMDAwMDAsInJlYWQiOjMwMDAwMDAwMDAwMCwidXBkYXRlIjo1NDAwMDAwMDAwMDAwfX0="
        }
      ]
    },
    {
      "mode": "managed",
      "type": "azurerm_virtual_network",
      "name": "vnet1",
      "provider": "provider[\"registry.terraform.io/hashicorp/azurerm\"]",
      "instances": [
        {
          "schema_version": 0,
          "attributes": {
            "address_space": [
              "10.10.0.0/16"
            ],
            "bgp_community": "",
            "ddos_protection_plan": [],
            "dns_servers": [],
            "edge_zone": "",
            "flow_timeout_in_minutes": 0,
            "guid": "3b1eb76f-1eb8-4cb1-a7e9-fd6c4f4f0c39",
            "id": "/subscriptions/56327ea7-f66b-4ff8-9db7-4fad269d3ce3/resourceGroups/NGR/providers/Microsoft.Network/virtualNetworks/NG-10",
            "location": "australiaeast",
            "name": "NG-10",
            "resource_group_name": "NGR",
            "subnet": [
              {
                "address_prefix": "10.10.1.0/24",
                "id": "/subscriptions/56327ea7-f66b-4ff8-9db7-4fad269d3ce3/resourceGroups/NGR/providers/Microsoft.Network/virtualNetworks/NG-10/subnets/subnet1",
                "name": "subnet1",
                "security_group": "/subscriptions/56327ea7-f66b-4ff8-9db7-4fad269d3ce3/resourceGroups/NGR/providers/Microsoft.Network/networkSecurityGroups/NG-nsg1"
              },
              {
                "address_prefix": "10.10.2.0/26",
                "id": "/subscriptions/56327ea7-f66b-4ff8-9db7-4fad269d3ce3/resourceGroups/NGR/providers/Microsoft.Network/virtualNetworks/NG-10/subnets/AzureBastionSubnet",
                "name": "AzureBastionSubnet",
                "security_group": ""
              }
            ],
            "tags": {},
            "timeouts": null
          },
          "sensitive_attributes": [],
          "private": "eyJlMmJmYjczMC1lY2FhLTExZTYtOGY4OC0zNDM2M2JjN2M0YzAiOnsiY3JlYXRlIjoxODAwMDAwMDAwMDAwLCJkZWxldGUiOjE4MDAwMDAwMDAwMDAsInJlYWQiOjMwMDAwMDAwMDAwMCwidXBkYXRlIjoxODAwMDAwMDAwMDAwfX0=",
          "dependencies": [
            "azurerm_resource_group.rg"
          ]
        }
      ]
    }
  ]
}
